
Microsoft Visual Studio Solution File, Format Version 12.00
# Visual Studio Version 17
VisualStudioVersion = 17.7.34031.279
MinimumVisualStudioVersion = 10.0.40219.1
Project("{FAE04EC0-301F-11D3-BF4B-00C04F79EFBC}") = "Identity", "Identity\Identity.csproj", "{EA0DB3B5-7E9F-4EC1-AD32-DEA8E9E45C5B}"
EndProject
Global
	GlobalSection(SolutionConfigurationPlatforms) = preSolution
		Debug|Any CPU = Debug|Any CPU
		Release|Any CPU = Release|Any CPU
	EndGlobalSection
	GlobalSection(ProjectConfigurationPlatforms) = postSolution
		{EA0DB3B5-7E9F-4EC1-AD32-DEA8E9E45C5B}.Debug|Any CPU.ActiveCfg = Debug|Any CPU
		{EA0DB3B5-7E9F-4EC1-AD32-DEA8E9E45C5B}.Debug|Any CPU.Build.0 = Debug|Any CPU
		{EA0DB3B5-7E9F-4EC1-AD32-DEA8E9E45C5B}.Release|Any CPU.ActiveCfg = Release|Any CPU
		{EA0DB3B5-7E9F-4EC1-AD32-DEA8E9E45C5B}.Release|Any CPU.Build.0 = Release|Any CPU
	EndGlobalSection
	GlobalSection(SolutionProperties) = preSolution
		HideSolutionNode = FALSE
	EndGlobalSection
	GlobalSection(ExtensibilityGlobals) = postSolution
		SolutionGuid = {6ACB5244-BFA7-4C19-AAF6-790368043BBE}
	EndGlobalSection
EndGlobal
